# This file is automatically @generated by Cargo.
# It is not intended for manual editing.
version = 3

[[package]]
name = "aoc2022"
version = "0.1.0"
dependencies = [
 "bstr",
 "itermore",
]

[[package]]
name = "arrays"
version = "0.1.1"
source = "registry+https://github.com/rust-lang/crates.io-index"
checksum = "2dbdbb2877d26e0647c6b8125802b2ecf2dc2a28d864dde41e6f9b9a54da08fe"

[[package]]
name = "bstr"
version = "1.0.1"
source = "registry+https://github.com/rust-lang/crates.io-index"
checksum = "fca0852af221f458706eb0725c03e4ed6c46af9ac98e6a689d5e634215d594dd"
dependencies = [
 "memchr",
 "once_cell",
 "regex-automata",
 "serde",
]

[[package]]
name = "iterchunks"
version = "0.2.0"
source = "registry+https://github.com/rust-lang/crates.io-index"
checksum = "0f270b1d279ac88c2a779c6241850efbcdacca136d1745b2305028a5d69b5175"
dependencies = [
 "arrays",
]

[[package]]
name = "itermore"
version = "0.4.0"
source = "registry+https://github.com/rust-lang/crates.io-index"
checksum = "18669db19453ddef3008c149f81853401d24988e61e4da4ba9767caed85426e3"
dependencies = [
 "iterchunks",
 "iterwindows",
]

[[package]]
name = "iterwindows"
version = "0.2.0"
source = "registry+https://github.com/rust-lang/crates.io-index"
checksum = "40829c620fa10985bf98b081527e8dfd8abcc95bf3380984a1602fe4daed9ccd"
dependencies = [
 "arrays",
]

[[package]]
name = "memchr"
version = "2.5.0"
source = "registry+https://github.com/rust-lang/crates.io-index"
checksum = "2dffe52ecf27772e601905b7522cb4ef790d2cc203488bbd0e2fe85fcb74566d"

[[package]]
name = "once_cell"
version = "1.16.0"
source = "registry+https://github.com/rust-lang/crates.io-index"
checksum = "86f0b0d4bf799edbc74508c1e8bf170ff5f41238e5f8225603ca7caaae2b7860"

[[package]]
name = "regex-automata"
version = "0.1.10"
source = "registry+https://github.com/rust-lang/crates.io-index"
checksum = "6c230d73fb8d8c1b9c0b3135c5142a8acee3a0558fb8db5cf1cb65f8d7862132"

[[package]]
name = "serde"
version = "1.0.148"
source = "registry+https://github.com/rust-lang/crates.io-index"
checksum = "e53f64bb4ba0191d6d0676e1b141ca55047d83b74f5607e6d8eb88126c52c2dc"
